// !$*UTF8*$!
{
	archiveVersion = 1;
	classes = {
	};
	objectVersion = 56;
	objects = {

/* Begin PBXBuildFile section */
		940384472A7347A70078E072 /* TaskListView.swift in Sources */ = {isa = PBXBuildFile; fileRef = 940384452A7347A70078E072 /* TaskListView.swift */; };
		940384482A7347A70078E072 /* AddTaskView.swift in Sources */ = {isa = PBXBuildFile; fileRef = 940384462A7347A70078E072 /* AddTaskView.swift */; };
		9403844E2A7347BA0078E072 /* AddPetView.swift in Sources */ = {isa = PBXBuildFile; fileRef = 9403844A2A7347BA0078E072 /* AddPetView.swift */; };
		9403844F2A7347BA0078E072 /* EditPetView.swift in Sources */ = {isa = PBXBuildFile; fileRef = 9403844B2A7347BA0078E072 /* EditPetView.swift */; };
		940384502A7347BA0078E072 /* PetListView.swift in Sources */ = {isa = PBXBuildFile; fileRef = 9403844C2A7347BA0078E072 /* PetListView.swift */; };
		940384512A7347BA0078E072 /* PetDetailView.swift in Sources */ = {isa = PBXBuildFile; fileRef = 9403844D2A7347BA0078E072 /* PetDetailView.swift */; };
		949AFD3E2A726D0100ACFD4F /* Assets.xcassets in Resources */ = {isa = PBXBuildFile; fileRef = 949AFD3D2A726D0100ACFD4F /* Assets.xcassets */; };
		949AFD412A726D0100ACFD4F /* Preview Assets.xcassets in Resources */ = {isa = PBXBuildFile; fileRef = 949AFD402A726D0100ACFD4F /* Preview Assets.xcassets */; };
		949AFD462A726D0100ACFD4F /* PawPlanner.xcdatamodeld in Sources */ = {isa = PBXBuildFile; fileRef = 949AFD442A726D0100ACFD4F /* PawPlanner.xcdatamodeld */; };
		94A19EE92A734337007818C3 /* PawPlannerApp.swift in Sources */ = {isa = PBXBuildFile; fileRef = 94A19EE82A734337007818C3 /* PawPlannerApp.swift */; };
		94A19EEB2A73438C007818C3 /* ContentView.swift in Sources */ = {isa = PBXBuildFile; fileRef = 94A19EEA2A73438C007818C3 /* ContentView.swift */; };
		94A19EEF2A734612007818C3 /* Persistence.swift in Sources */ = {isa = PBXBuildFile; fileRef = 94A19EEE2A734612007818C3 /* Persistence.swift */; };
		94A19F322A734709007818C3 /* Poppins-Light.ttf in Resources */ = {isa = PBXBuildFile; fileRef = 94A19F212A734707007818C3 /* Poppins-Light.ttf */; };
		94A19F332A734709007818C3 /* Poppins-ThinItalic.ttf in Resources */ = {isa = PBXBuildFile; fileRef = 94A19F222A734707007818C3 /* Poppins-ThinItalic.ttf */; };
		94A19F342A734709007818C3 /* Poppins-Black.ttf in Resources */ = {isa = PBXBuildFile; fileRef = 94A19F232A734707007818C3 /* Poppins-Black.ttf */; };
		94A19F352A734709007818C3 /* Poppins-ExtraLight.ttf in Resources */ = {isa = PBXBuildFile; fileRef = 94A19F242A734707007818C3 /* Poppins-ExtraLight.ttf */; };
		94A19F362A734709007818C3 /* Poppins-Medium.ttf in Resources */ = {isa = PBXBuildFile; fileRef = 94A19F252A734708007818C3 /* Poppins-Medium.ttf */; };
		94A19F372A734709007818C3 /* Poppins-ExtraBold.ttf in Resources */ = {isa = PBXBuildFile; fileRef = 94A19F262A734708007818C3 /* Poppins-ExtraBold.ttf */; };
		94A19F382A734709007818C3 /* Poppins-Regular.ttf in Resources */ = {isa = PBXBuildFile; fileRef = 94A19F272A734708007818C3 /* Poppins-Regular.ttf */; };
		94A19F392A734709007818C3 /* Poppins-BoldItalic.ttf in Resources */ = {isa = PBXBuildFile; fileRef = 94A19F282A734708007818C3 /* Poppins-BoldItalic.ttf */; };
		94A19F3A2A734709007818C3 /* Poppins-LightItalic.ttf in Resources */ = {isa = PBXBuildFile; fileRef = 94A19F292A734708007818C3 /* Poppins-LightItalic.ttf */; };
		94A19F3B2A734709007818C3 /* Poppins-BlackItalic.ttf in Resources */ = {isa = PBXBuildFile; fileRef = 94A19F2A2A734708007818C3 /* Poppins-BlackItalic.ttf */; };
		94A19F3C2A734709007818C3 /* Poppins-Italic.ttf in Resources */ = {isa = PBXBuildFile; fileRef = 94A19F2B2A734708007818C3 /* Poppins-Italic.ttf */; };
		94A19F3D2A734709007818C3 /* Poppins-SemiBold.ttf in Resources */ = {isa = PBXBuildFile; fileRef = 94A19F2C2A734708007818C3 /* Poppins-SemiBold.ttf */; };
		94A19F3E2A734709007818C3 /* Poppins-Thin.ttf in Resources */ = {isa = PBXBuildFile; fileRef = 94A19F2D2A734708007818C3 /* Poppins-Thin.ttf */; };
		94A19F3F2A734709007818C3 /* Poppins-Bold.ttf in Resources */ = {isa = PBXBuildFile; fileRef = 94A19F2E2A734708007818C3 /* Poppins-Bold.ttf */; };
		94A19F402A734709007818C3 /* Poppins-ExtraBoldItalic.ttf in Resources */ = {isa = PBXBuildFile; fileRef = 94A19F2F2A734709007818C3 /* Poppins-ExtraBoldItalic.ttf */; };
		94A19F412A734709007818C3 /* Poppins-MediumItalic.ttf in Resources */ = {isa = PBXBuildFile; fileRef = 94A19F302A734709007818C3 /* Poppins-MediumItalic.ttf */; };
		94A19F422A734709007818C3 /* Poppins-SemiBoldItalic.ttf in Resources */ = {isa = PBXBuildFile; fileRef = 94A19F312A734709007818C3 /* Poppins-SemiBoldItalic.ttf */; };
		94AB5E222A734A680002A12B /* ImagePicker.swift in Sources */ = {isa = PBXBuildFile; fileRef = 94AB5E212A734A660002A12B /* ImagePicker.swift */; };
		94AB5E262A734AAC0002A12B /* AppDelegate.swift in Sources */ = {isa = PBXBuildFile; fileRef = 94AB5E252A734AAA0002A12B /* AppDelegate.swift */; };
/* End PBXBuildFile section */

/* Begin PBXFileReference section */
		940384452A7347A70078E072 /* TaskListView.swift */ = {isa = PBXFileReference; fileEncoding = 4; lastKnownFileType = sourcecode.swift; path = TaskListView.swift; sourceTree = "<group>"; };
		940384462A7347A70078E072 /* AddTaskView.swift */ = {isa = PBXFileReference; fileEncoding = 4; lastKnownFileType = sourcecode.swift; path = AddTaskView.swift; sourceTree = "<group>"; };
		9403844A2A7347BA0078E072 /* AddPetView.swift */ = {isa = PBXFileReference; fileEncoding = 4; lastKnownFileType = sourcecode.swift; path = AddPetView.swift; sourceTree = "<group>"; };
		9403844B2A7347BA0078E072 /* EditPetView.swift */ = {isa = PBXFileReference; fileEncoding = 4; lastKnownFileType = sourcecode.swift; path = EditPetView.swift; sourceTree = "<group>"; };
		9403844C2A7347BA0078E072 /* PetListView.swift */ = {isa = PBXFileReference; fileEncoding = 4; lastKnownFileType = sourcecode.swift; path = PetListView.swift; sourceTree = "<group>"; };
		9403844D2A7347BA0078E072 /* PetDetailView.swift */ = {isa = PBXFileReference; fileEncoding = 4; lastKnownFileType = sourcecode.swift; path = PetDetailView.swift; sourceTree = "<group>"; };
		949AFD362A726CFD00ACFD4F /* PawPlanner.app */ = {isa = PBXFileReference; explicitFileType = wrapper.application; includeInIndex = 0; path = PawPlanner.app; sourceTree = BUILT_PRODUCTS_DIR; };
		949AFD3D2A726D0100ACFD4F /* Assets.xcassets */ = {isa = PBXFileReference; lastKnownFileType = folder.assetcatalog; path = Assets.xcassets; sourceTree = "<group>"; };
		949AFD402A726D0100ACFD4F /* Preview Assets.xcassets */ = {isa = PBXFileReference; lastKnownFileType = folder.assetcatalog; path = "Preview Assets.xcassets"; sourceTree = "<group>"; };
		949AFD452A726D0100ACFD4F /* PawPlanner.xcdatamodel */ = {isa = PBXFileReference; lastKnownFileType = wrapper.xcdatamodel; path = PawPlanner.xcdatamodel; sourceTree = "<group>"; };
		949AFD472A726D0100ACFD4F /* Info.plist */ = {isa = PBXFileReference; lastKnownFileType = text.plist.xml; path = Info.plist; sourceTree = "<group>"; };
		949AFD8E2A727D7B00ACFD4F /* README.md */ = {isa = PBXFileReference; lastKnownFileType = net.daringfireball.markdown; path = README.md; sourceTree = "<group>"; };
		94A19EE82A734337007818C3 /* PawPlannerApp.swift */ = {isa = PBXFileReference; lastKnownFileType = sourcecode.swift; path = PawPlannerApp.swift; sourceTree = "<group>"; };
		94A19EEA2A73438C007818C3 /* ContentView.swift */ = {isa = PBXFileReference; lastKnownFileType = sourcecode.swift; path = ContentView.swift; sourceTree = "<group>"; };
		94A19EEE2A734612007818C3 /* Persistence.swift */ = {isa = PBXFileReference; lastKnownFileType = sourcecode.swift; path = Persistence.swift; sourceTree = "<group>"; };
		94A19F212A734707007818C3 /* Poppins-Light.ttf */ = {isa = PBXFileReference; lastKnownFileType = file; path = "Poppins-Light.ttf"; sourceTree = "<group>"; };
		94A19F222A734707007818C3 /* Poppins-ThinItalic.ttf */ = {isa = PBXFileReference; lastKnownFileType = file; path = "Poppins-ThinItalic.ttf"; sourceTree = "<group>"; };
		94A19F232A734707007818C3 /* Poppins-Black.ttf */ = {isa = PBXFileReference; lastKnownFileType = file; path = "Poppins-Black.ttf"; sourceTree = "<group>"; };
		94A19F242A734707007818C3 /* Poppins-ExtraLight.ttf */ = {isa = PBXFileReference; lastKnownFileType = file; path = "Poppins-ExtraLight.ttf"; sourceTree = "<group>"; };
		94A19F252A734708007818C3 /* Poppins-Medium.ttf */ = {isa = PBXFileReference; lastKnownFileType = file; path = "Poppins-Medium.ttf"; sourceTree = "<group>"; };
		94A19F262A734708007818C3 /* Poppins-ExtraBold.ttf */ = {isa = PBXFileReference; lastKnownFileType = file; path = "Poppins-ExtraBold.ttf"; sourceTree = "<group>"; };
		94A19F272A734708007818C3 /* Poppins-Regular.ttf */ = {isa = PBXFileReference; lastKnownFileType = file; path = "Poppins-Regular.ttf"; sourceTree = "<group>"; };
		94A19F282A734708007818C3 /* Poppins-BoldItalic.ttf */ = {isa = PBXFileReference; lastKnownFileType = file; path = "Poppins-BoldItalic.ttf"; sourceTree = "<group>"; };
		94A19F292A734708007818C3 /* Poppins-LightItalic.ttf */ = {isa = PBXFileReference; lastKnownFileType = file; path = "Poppins-LightItalic.ttf"; sourceTree = "<group>"; };
		94A19F2A2A734708007818C3 /* Poppins-BlackItalic.ttf */ = {isa = PBXFileReference; lastKnownFileType = file; path = "Poppins-BlackItalic.ttf"; sourceTree = "<group>"; };
		94A19F2B2A734708007818C3 /* Poppins-Italic.ttf */ = {isa = PBXFileReference; lastKnownFileType = file; path = "Poppins-Italic.ttf"; sourceTree = "<group>"; };
		94A19F2C2A734708007818C3 /* Poppins-SemiBold.ttf */ = {isa = PBXFileReference; lastKnownFileType = file; path = "Poppins-SemiBold.ttf"; sourceTree = "<group>"; };
		94A19F2D2A734708007818C3 /* Poppins-Thin.ttf */ = {isa = PBXFileReference; lastKnownFileType = file; path = "Poppins-Thin.ttf"; sourceTree = "<group>"; };
		94A19F2E2A734708007818C3 /* Poppins-Bold.ttf */ = {isa = PBXFileReference; lastKnownFileType = file; path = "Poppins-Bold.ttf"; sourceTree = "<group>"; };
		94A19F2F2A734709007818C3 /* Poppins-ExtraBoldItalic.ttf */ = {isa = PBXFileReference; lastKnownFileType = file; path = "Poppins-ExtraBoldItalic.ttf"; sourceTree = "<group>"; };
		94A19F302A734709007818C3 /* Poppins-MediumItalic.ttf */ = {isa = PBXFileReference; lastKnownFileType = file; path = "Poppins-MediumItalic.ttf"; sourceTree = "<group>"; };
		94A19F312A734709007818C3 /* Poppins-SemiBoldItalic.ttf */ = {isa = PBXFileReference; lastKnownFileType = file; path = "Poppins-SemiBoldItalic.ttf"; sourceTree = "<group>"; };
		94AB5E212A734A660002A12B /* ImagePicker.swift */ = {isa = PBXFileReference; lastKnownFileType = sourcecode.swift; name = ImagePicker.swift; path = Poppins/ImagePicker.swift; sourceTree = "<group>"; };
		94AB5E252A734AAA0002A12B /* AppDelegate.swift */ = {isa = PBXFileReference; lastKnownFileType = sourcecode.swift; name = AppDelegate.swift; path = Task/AppDelegate.swift; sourceTree = "<group>"; };
/* End PBXFileReference section */

/* Begin PBXFrameworksBuildPhase section */
		949AFD332A726CFD00ACFD4F /* Frameworks */ = {
			isa = PBXFrameworksBuildPhase;
			buildActionMask = 2147483647;
			files = (
			);
			runOnlyForDeploymentPostprocessing = 0;
		};
/* End PBXFrameworksBuildPhase section */

/* Begin PBXGroup section */
		940384442A7347A70078E072 /* Task */ = {
			isa = PBXGroup;
			children = (
				940384452A7347A70078E072 /* TaskListView.swift */,
				940384462A7347A70078E072 /* AddTaskView.swift */,
			);
			name = Task;
			path = PawPlanner/Task;
			sourceTree = SOURCE_ROOT;
		};
		940384492A7347BA0078E072 /* Pet */ = {
			isa = PBXGroup;
			children = (
				9403844A2A7347BA0078E072 /* AddPetView.swift */,
				9403844B2A7347BA0078E072 /* EditPetView.swift */,
				9403844C2A7347BA0078E072 /* PetListView.swift */,
				9403844D2A7347BA0078E072 /* PetDetailView.swift */,
			);
			name = Pet;
			path = PawPlanner/Pet;
			sourceTree = SOURCE_ROOT;
		};
		949AFD2D2A726CFD00ACFD4F = {
			isa = PBXGroup;
			children = (
				949AFD8E2A727D7B00ACFD4F /* README.md */,
				949AFD382A726CFD00ACFD4F /* PawPlanner */,
				949AFD372A726CFD00ACFD4F /* Products */,
			);
			sourceTree = "<group>";
		};
		949AFD372A726CFD00ACFD4F /* Products */ = {
			isa = PBXGroup;
			children = (
				949AFD362A726CFD00ACFD4F /* PawPlanner.app */,
			);
			name = Products;
			sourceTree = "<group>";
		};
		949AFD382A726CFD00ACFD4F /* PawPlanner */ = {
			isa = PBXGroup;
			children = (
				940384492A7347BA0078E072 /* Pet */,
				940384442A7347A70078E072 /* Task */,
				94A19EFE2A7346A9007818C3 /* Poppins */,
				94A19EE82A734337007818C3 /* PawPlannerApp.swift */,
				94AB5E212A734A660002A12B /* ImagePicker.swift */,
				94A19EEA2A73438C007818C3 /* ContentView.swift */,
				94A19EEE2A734612007818C3 /* Persistence.swift */,
				949AFD3D2A726D0100ACFD4F /* Assets.xcassets */,
				94AB5E252A734AAA0002A12B /* AppDelegate.swift */,
				949AFD472A726D0100ACFD4F /* Info.plist */,
				949AFD442A726D0100ACFD4F /* PawPlanner.xcdatamodeld */,
				949AFD3F2A726D0100ACFD4F /* Preview Content */,
			);
			path = PawPlanner;
			sourceTree = "<group>";
		};
		949AFD3F2A726D0100ACFD4F /* Preview Content */ = {
			isa = PBXGroup;
			children = (
				949AFD402A726D0100ACFD4F /* Preview Assets.xcassets */,
			);
			path = "Preview Content";
			sourceTree = "<group>";
		};
		94A19EFE2A7346A9007818C3 /* Poppins */ = {
			isa = PBXGroup;
			children = (
				94A19F232A734707007818C3 /* Poppins-Black.ttf */,
				94A19F2A2A734708007818C3 /* Poppins-BlackItalic.ttf */,
				94A19F2E2A734708007818C3 /* Poppins-Bold.ttf */,
				94A19F282A734708007818C3 /* Poppins-BoldItalic.ttf */,
				94A19F262A734708007818C3 /* Poppins-ExtraBold.ttf */,
				94A19F2F2A734709007818C3 /* Poppins-ExtraBoldItalic.ttf */,
				94A19F242A734707007818C3 /* Poppins-ExtraLight.ttf */,
				94A19F2B2A734708007818C3 /* Poppins-Italic.ttf */,
				94A19F212A734707007818C3 /* Poppins-Light.ttf */,
				94A19F292A734708007818C3 /* Poppins-LightItalic.ttf */,
				94A19F252A734708007818C3 /* Poppins-Medium.ttf */,
				94A19F302A734709007818C3 /* Poppins-MediumItalic.ttf */,
				94A19F272A734708007818C3 /* Poppins-Regular.ttf */,
				94A19F2C2A734708007818C3 /* Poppins-SemiBold.ttf */,
				94A19F312A734709007818C3 /* Poppins-SemiBoldItalic.ttf */,
				94A19F2D2A734708007818C3 /* Poppins-Thin.ttf */,
				94A19F222A734707007818C3 /* Poppins-ThinItalic.ttf */,
			);
			path = Poppins;
			sourceTree = "<group>";
		};
/* End PBXGroup section */

/* Begin PBXNativeTarget section */
		949AFD352A726CFD00ACFD4F /* PawPlanner */ = {
			isa = PBXNativeTarget;
			buildConfigurationList = 949AFD4A2A726D0100ACFD4F /* Build configuration list for PBXNativeTarget "PawPlanner" */;
			buildPhases = (
				949AFD322A726CFD00ACFD4F /* Sources */,
				949AFD332A726CFD00ACFD4F /* Frameworks */,
				949AFD342A726CFD00ACFD4F /* Resources */,
			);
			buildRules = (
			);
			dependencies = (
			);
			name = PawPlanner;
			productName = PawPlanner;
			productReference = 949AFD362A726CFD00ACFD4F /* PawPlanner.app */;
			productType = "com.apple.product-type.application";
		};
/* End PBXNativeTarget section */

/* Begin PBXProject section */
		949AFD2E2A726CFD00ACFD4F /* Project object */ = {
			isa = PBXProject;
			attributes = {
				BuildIndependentTargetsInParallel = 1;
				LastSwiftUpdateCheck = 1400;
				LastUpgradeCheck = 1400;
				TargetAttributes = {
					949AFD352A726CFD00ACFD4F = {
						CreatedOnToolsVersion = 14.0;
					};
				};
			};
			buildConfigurationList = 949AFD312A726CFD00ACFD4F /* Build configuration list for PBXProject "PawPlanner" */;
			compatibilityVersion = "Xcode 14.0";
			developmentRegion = en;
			hasScannedForEncodings = 0;
			knownRegions = (
				en,
				Base,
			);
			mainGroup = 949AFD2D2A726CFD00ACFD4F;
			productRefGroup = 949AFD372A726CFD00ACFD4F /* Products */;
			projectDirPath = "";
			projectRoot = "";
			targets = (
				949AFD352A726CFD00ACFD4F /* PawPlanner */,
			);
		};
/* End PBXProject section */

/* Begin PBXResourcesBuildPhase section */
		949AFD342A726CFD00ACFD4F /* Resources */ = {
			isa = PBXResourcesBuildPhase;
			buildActionMask = 2147483647;
			files = (
				94A19F352A734709007818C3 /* Poppins-ExtraLight.ttf in Resources */,
				94A19F422A734709007818C3 /* Poppins-SemiBoldItalic.ttf in Resources */,
				94A19F3D2A734709007818C3 /* Poppins-SemiBold.ttf in Resources */,
				94A19F362A734709007818C3 /* Poppins-Medium.ttf in Resources */,
				94A19F3F2A734709007818C3 /* Poppins-Bold.ttf in Resources */,
				949AFD412A726D0100ACFD4F /* Preview Assets.xcassets in Resources */,
				94A19F382A734709007818C3 /* Poppins-Regular.ttf in Resources */,
				94A19F3B2A734709007818C3 /* Poppins-BlackItalic.ttf in Resources */,
				94A19F412A734709007818C3 /* Poppins-MediumItalic.ttf in Resources */,
				94A19F332A734709007818C3 /* Poppins-ThinItalic.ttf in Resources */,
				94A19F372A734709007818C3 /* Poppins-ExtraBold.ttf in Resources */,
				94A19F3C2A734709007818C3 /* Poppins-Italic.ttf in Resources */,
				94A19F3E2A734709007818C3 /* Poppins-Thin.ttf in Resources */,
				94A19F322A734709007818C3 /* Poppins-Light.ttf in Resources */,
				949AFD3E2A726D0100ACFD4F /* Assets.xcassets in Resources */,
				94A19F342A734709007818C3 /* Poppins-Black.ttf in Resources */,
				94A19F392A734709007818C3 /* Poppins-BoldItalic.ttf in Resources */,
				94A19F3A2A734709007818C3 /* Poppins-LightItalic.ttf in Resources */,
				94A19F402A734709007818C3 /* Poppins-ExtraBoldItalic.ttf in Resources */,
			);
			runOnlyForDeploymentPostprocessing = 0;
		};
/* End PBXResourcesBuildPhase section */

/* Begin PBXSourcesBuildPhase section */
		949AFD322A726CFD00ACFD4F /* Sources */ = {
			isa = PBXSourcesBuildPhase;
			buildActionMask = 2147483647;
			files = (
				94AB5E262A734AAC0002A12B /* AppDelegate.swift in Sources */,
				94AB5E222A734A680002A12B /* ImagePicker.swift in Sources */,
				940384482A7347A70078E072 /* AddTaskView.swift in Sources */,
				949AFD462A726D0100ACFD4F /* PawPlanner.xcdatamodeld in Sources */,
				940384512A7347BA0078E072 /* PetDetailView.swift in Sources */,
				94A19EE92A734337007818C3 /* PawPlannerApp.swift in Sources */,
				940384472A7347A70078E072 /* TaskListView.swift in Sources */,
				94A19EEF2A734612007818C3 /* Persistence.swift in Sources */,
				9403844E2A7347BA0078E072 /* AddPetView.swift in Sources */,
				940384502A7347BA0078E072 /* PetListView.swift in Sources */,
				9403844F2A7347BA0078E072 /* EditPetView.swift in Sources */,
				94A19EEB2A73438C007818C3 /* ContentView.swift in Sources */,
			);
			runOnlyForDeploymentPostprocessing = 0;
		};
/* End PBXSourcesBuildPhase section */

/* Begin XCBuildConfiguration section */
		949AFD482A726D0100ACFD4F /* Debug */ = {
			isa = XCBuildConfiguration;
			buildSettings = {
				ALWAYS_SEARCH_USER_PATHS = NO;
				CLANG_ANALYZER_NONNULL = YES;
				CLANG_ANALYZER_NUMBER_OBJECT_CONVERSION = YES_AGGRESSIVE;
				CLANG_CXX_LANGUAGE_STANDARD = "gnu++20";
				CLANG_ENABLE_MODULES = YES;
				CLANG_ENABLE_OBJC_ARC = YES;
				CLANG_ENABLE_OBJC_WEAK = YES;
				CLANG_WARN_BLOCK_CAPTURE_AUTORELEASING = YES;
				CLANG_WARN_BOOL_CONVERSION = YES;
				CLANG_WARN_COMMA = YES;
				CLANG_WARN_CONSTANT_CONVERSION = YES;
				CLANG_WARN_DEPRECATED_OBJC_IMPLEMENTATIONS = YES;
				CLANG_WARN_DIRECT_OBJC_ISA_USAGE = YES_ERROR;
				CLANG_WARN_DOCUMENTATION_COMMENTS = YES;
				CLANG_WARN_EMPTY_BODY = YES;
				CLANG_WARN_ENUM_CONVERSION = YES;
				CLANG_WARN_INFINITE_RECURSION = YES;
				CLANG_WARN_INT_CONVERSION = YES;
				CLANG_WARN_NON_LITERAL_NULL_CONVERSION = YES;
				CLANG_WARN_OBJC_IMPLICIT_RETAIN_SELF = YES;
				CLANG_WARN_OBJC_LITERAL_CONVERSION = YES;
				CLANG_WARN_OBJC_ROOT_CLASS = YES_ERROR;
				CLANG_WARN_QUOTED_INCLUDE_IN_FRAMEWORK_HEADER = YES;
				CLANG_WARN_RANGE_LOOP_ANALYSIS = YES;
				CLANG_WARN_STRICT_PROTOTYPES = YES;
				CLANG_WARN_SUSPICIOUS_MOVE = YES;
				CLANG_WARN_UNGUARDED_AVAILABILITY = YES_AGGRESSIVE;
				CLANG_WARN_UNREACHABLE_CODE = YES;
				CLANG_WARN__DUPLICATE_METHOD_MATCH = YES;
				COPY_PHASE_STRIP = NO;
				DEBUG_INFORMATION_FORMAT = dwarf;
				ENABLE_STRICT_OBJC_MSGSEND = YES;
				ENABLE_TESTABILITY = YES;
				GCC_C_LANGUAGE_STANDARD = gnu11;
				GCC_DYNAMIC_NO_PIC = NO;
				GCC_NO_COMMON_BLOCKS = YES;
				GCC_OPTIMIZATION_LEVEL = 0;
				GCC_PREPROCESSOR_DEFINITIONS = (
					"DEBUG=1",
					"$(inherited)",
				);
				GCC_WARN_64_TO_32_BIT_CONVERSION = YES;
				GCC_WARN_ABOUT_RETURN_TYPE = YES_ERROR;
				GCC_WARN_UNDECLARED_SELECTOR = YES;
				GCC_WARN_UNINITIALIZED_AUTOS = YES_AGGRESSIVE;
				GCC_WARN_UNUSED_FUNCTION = YES;
				GCC_WARN_UNUSED_VARIABLE = YES;
				IPHONEOS_DEPLOYMENT_TARGET = 16.0;
				MTL_ENABLE_DEBUG_INFO = INCLUDE_SOURCE;
				MTL_FAST_MATH = YES;
				ONLY_ACTIVE_ARCH = YES;
				SDKROOT = iphoneos;
				SWIFT_ACTIVE_COMPILATION_CONDITIONS = DEBUG;
				SWIFT_OPTIMIZATION_LEVEL = "-Onone";
			};
			name = Debug;
		};
		949AFD492A726D0100ACFD4F /* Release */ = {
			isa = XCBuildConfiguration;
			buildSettings = {
				ALWAYS_SEARCH_USER_PATHS = NO;
				CLANG_ANALYZER_NONNULL = YES;
				CLANG_ANALYZER_NUMBER_OBJECT_CONVERSION = YES_AGGRESSIVE;
				CLANG_CXX_LANGUAGE_STANDARD = "gnu++20";
				CLANG_ENABLE_MODULES = YES;
				CLANG_ENABLE_OBJC_ARC = YES;
				CLANG_ENABLE_OBJC_WEAK = YES;
				CLANG_WARN_BLOCK_CAPTURE_AUTORELEASING = YES;
				CLANG_WARN_BOOL_CONVERSION = YES;
				CLANG_WARN_COMMA = YES;
				CLANG_WARN_CONSTANT_CONVERSION = YES;
				CLANG_WARN_DEPRECATED_OBJC_IMPLEMENTATIONS = YES;
				CLANG_WARN_DIRECT_OBJC_ISA_USAGE = YES_ERROR;
				CLANG_WARN_DOCUMENTATION_COMMENTS = YES;
				CLANG_WARN_EMPTY_BODY = YES;
				CLANG_WARN_ENUM_CONVERSION = YES;
				CLANG_WARN_INFINITE_RECURSION = YES;
				CLANG_WARN_INT_CONVERSION = YES;
				CLANG_WARN_NON_LITERAL_NULL_CONVERSION = YES;
				CLANG_WARN_OBJC_IMPLICIT_RETAIN_SELF = YES;
				CLANG_WARN_OBJC_LITERAL_CONVERSION = YES;
				CLANG_WARN_OBJC_ROOT_CLASS = YES_ERROR;
				CLANG_WARN_QUOTED_INCLUDE_IN_FRAMEWORK_HEADER = YES;
				CLANG_WARN_RANGE_LOOP_ANALYSIS = YES;
				CLANG_WARN_STRICT_PROTOTYPES = YES;
				CLANG_WARN_SUSPICIOUS_MOVE = YES;
				CLANG_WARN_UNGUARDED_AVAILABILITY = YES_AGGRESSIVE;
				CLANG_WARN_UNREACHABLE_CODE = YES;
				CLANG_WARN__DUPLICATE_METHOD_MATCH = YES;
				COPY_PHASE_STRIP = NO;
				DEBUG_INFORMATION_FORMAT = "dwarf-with-dsym";
				ENABLE_NS_ASSERTIONS = NO;
				ENABLE_STRICT_OBJC_MSGSEND = YES;
				GCC_C_LANGUAGE_STANDARD = gnu11;
				GCC_NO_COMMON_BLOCKS = YES;
				GCC_WARN_64_TO_32_BIT_CONVERSION = YES;
				GCC_WARN_ABOUT_RETURN_TYPE = YES_ERROR;
				GCC_WARN_UNDECLARED_SELECTOR = YES;
				GCC_WARN_UNINITIALIZED_AUTOS = YES_AGGRESSIVE;
				GCC_WARN_UNUSED_FUNCTION = YES;
				GCC_WARN_UNUSED_VARIABLE = YES;
				IPHONEOS_DEPLOYMENT_TARGET = 16.0;
				MTL_ENABLE_DEBUG_INFO = NO;
				MTL_FAST_MATH = YES;
				SDKROOT = iphoneos;
				SWIFT_COMPILATION_MODE = wholemodule;
				SWIFT_OPTIMIZATION_LEVEL = "-O";
				VALIDATE_PRODUCT = YES;
			};
			name = Release;
		};
		949AFD4B2A726D0100ACFD4F /* Debug */ = {
			isa = XCBuildConfiguration;
			buildSettings = {
				ASSETCATALOG_COMPILER_APPICON_NAME = AppIcon;
				ASSETCATALOG_COMPILER_GLOBAL_ACCENT_COLOR_NAME = AccentColor;
				CODE_SIGN_STYLE = Automatic;
				CURRENT_PROJECT_VERSION = 1;
				DEVELOPMENT_ASSET_PATHS = "\"PawPlanner/Preview Content\"";
				DEVELOPMENT_TEAM = 9Q744834HZ;
				ENABLE_PREVIEWS = YES;
				GENERATE_INFOPLIST_FILE = YES;
				INFOPLIST_FILE = PawPlanner/Info.plist;
				INFOPLIST_KEY_LSApplicationCategoryType = "public.app-category.productivity";
				INFOPLIST_KEY_UIApplicationSceneManifest_Generation = YES;
				INFOPLIST_KEY_UIApplicationSupportsIndirectInputEvents = YES;
				INFOPLIST_KEY_UILaunchScreen_Generation = YES;
				INFOPLIST_KEY_UIRequiresFullScreen = YES;
				INFOPLIST_KEY_UISupportedInterfaceOrientations = UIInterfaceOrientationPortrait;
				IPHONEOS_DEPLOYMENT_TARGET = 14.0;
				LD_RUNPATH_SEARCH_PATHS = (
					"$(inherited)",
					"@executable_path/Frameworks",
				);
				MARKETING_VERSION = 1.0;
				PRODUCT_BUNDLE_IDENTIFIER = com.ryanmohamed.PawPlanner;
				PRODUCT_NAME = "$(TARGET_NAME)";
				SWIFT_EMIT_LOC_STRINGS = YES;
				SWIFT_VERSION = 5.0;
				TARGETED_DEVICE_FAMILY = "1,2";
			};
			name = Debug;
		};
		949AFD4C2A726D0100ACFD4F /* Release */ = {
			isa = XCBuildConfiguration;
			buildSettings = {
				ASSETCATALOG_COMPILER_APPICON_NAME = AppIcon;
				ASSETCATALOG_COMPILER_GLOBAL_ACCENT_COLOR_NAME = AccentColor;
				CODE_SIGN_STYLE = Automatic;
				CURRENT_PROJECT_VERSION = 1;
				DEVELOPMENT_ASSET_PATHS = "\"PawPlanner/Preview Content\"";
				DEVELOPMENT_TEAM = 9Q744834HZ;
				ENABLE_PREVIEWS = YES;
				GENERATE_INFOPLIST_FILE = YES;
				INFOPLIST_FILE = PawPlanner/Info.plist;
				INFOPLIST_KEY_LSApplicationCategoryType = "public.app-category.productivity";
				INFOPLIST_KEY_UIApplicationSceneManifest_Generation = YES;
				INFOPLIST_KEY_UIApplicationSupportsIndirectInputEvents = YES;
				INFOPLIST_KEY_UILaunchScreen_Generation = YES;
				INFOPLIST_KEY_UIRequiresFullScreen = YES;
				INFOPLIST_KEY_UISupportedInterfaceOrientations = UIInterfaceOrientationPortrait;
				IPHONEOS_DEPLOYMENT_TARGET = 14.0;
				LD_RUNPATH_SEARCH_PATHS = (
					"$(inherited)",
					"@executable_path/Frameworks",
				);
				MARKETING_VERSION = 1.0;
				PRODUCT_BUNDLE_IDENTIFIER = com.ryanmohamed.PawPlanner;
				PRODUCT_NAME = "$(TARGET_NAME)";
				SWIFT_EMIT_LOC_STRINGS = YES;
				SWIFT_VERSION = 5.0;
				TARGETED_DEVICE_FAMILY = "1,2";
			};
			name = Release;
		};
/* End XCBuildConfiguration section */

/* Begin XCConfigurationList section */
		949AFD312A726CFD00ACFD4F /* Build configuration list for PBXProject "PawPlanner" */ = {
			isa = XCConfigurationList;
			buildConfigurations = (
				949AFD482A726D0100ACFD4F /* Debug */,
				949AFD492A726D0100ACFD4F /* Release */,
			);
			defaultConfigurationIsVisible = 0;
			defaultConfigurationName = Release;
		};
		949AFD4A2A726D0100ACFD4F /* Build configuration list for PBXNativeTarget "PawPlanner" */ = {
			isa = XCConfigurationList;
			buildConfigurations = (
				949AFD4B2A726D0100ACFD4F /* Debug */,
				949AFD4C2A726D0100ACFD4F /* Release */,
			);
			defaultConfigurationIsVisible = 0;
			defaultConfigurationName = Release;
		};
/* End XCConfigurationList section */

/* Begin XCVersionGroup section */
		949AFD442A726D0100ACFD4F /* PawPlanner.xcdatamodeld */ = {
			isa = XCVersionGroup;
			children = (
				949AFD452A726D0100ACFD4F /* PawPlanner.xcdatamodel */,
			);
			currentVersion = 949AFD452A726D0100ACFD4F /* PawPlanner.xcdatamodel */;
			path = PawPlanner.xcdatamodeld;
			sourceTree = "<group>";
			versionGroupType = wrapper.xcdatamodel;
		};
/* End XCVersionGroup section */
	};
	rootObject = 949AFD2E2A726CFD00ACFD4F /* Project object */;
}
